// !$*UTF8*$!
{
	archiveVersion = 1;
	classes = {
	};
	objectVersion = 50;
	objects = {

/* Begin PBXBuildFile section */
		0902930A21DD075B0054A72E /* AppDelegate.swift in Sources */ = {isa = PBXBuildFile; fileRef = 0902930921DD075B0054A72E /* AppDelegate.swift */; };
		0902930C21DD075B0054A72E /* ViewController.swift in Sources */ = {isa = PBXBuildFile; fileRef = 0902930B21DD075B0054A72E /* ViewController.swift */; };
		0902930F21DD075B0054A72E /* Main.storyboard in Resources */ = {isa = PBXBuildFile; fileRef = 0902930D21DD075B0054A72E /* Main.storyboard */; };
		0902931121DD075D0054A72E /* Assets.xcassets in Resources */ = {isa = PBXBuildFile; fileRef = 0902931021DD075D0054A72E /* Assets.xcassets */; };
		0902931421DD075D0054A72E /* LaunchScreen.storyboard in Resources */ = {isa = PBXBuildFile; fileRef = 0902931221DD075D0054A72E /* LaunchScreen.storyboard */; };
		0902932021DD0A500054A72E /* HTTPAccesser.swift in Sources */ = {isa = PBXBuildFile; fileRef = 0902931F21DD0A500054A72E /* HTTPAccesser.swift */; };
		0902932221DD0AE20054A72E /* Area.swift in Sources */ = {isa = PBXBuildFile; fileRef = 0902932121DD0AE20054A72E /* Area.swift */; };
		0902932421DD12A70054A72E /* AnnotationView.swift in Sources */ = {isa = PBXBuildFile; fileRef = 0902932321DD12A70054A72E /* AnnotationView.swift */; };
		0902932621DD13020054A72E /* Extensions.swift in Sources */ = {isa = PBXBuildFile; fileRef = 0902932521DD13010054A72E /* Extensions.swift */; };
		0902932821DD3A2E0054A72E /* AreaTipView.swift in Sources */ = {isa = PBXBuildFile; fileRef = 0902932721DD3A2E0054A72E /* AreaTipView.swift */; };
		0902932A21DD3C570054A72E /* AreaRealmTool.swift in Sources */ = {isa = PBXBuildFile; fileRef = 0902932921DD3C570054A72E /* AreaRealmTool.swift */; };
		0902932C21DD3D2C0054A72E /* AreaDB.swift in Sources */ = {isa = PBXBuildFile; fileRef = 0902932B21DD3D2C0054A72E /* AreaDB.swift */; };
		680672F46C06A5CDE8B5E840 /* Pods_SingaporeWeather.framework in Frameworks */ = {isa = PBXBuildFile; fileRef = 155BF206BDAC526AAF581FE2 /* Pods_SingaporeWeather.framework */; };
/* End PBXBuildFile section */

/* Begin PBXFileReference section */
		0902930621DD075B0054A72E /* SingaporeWeather.app */ = {isa = PBXFileReference; explicitFileType = wrapper.application; includeInIndex = 0; path = SingaporeWeather.app; sourceTree = BUILT_PRODUCTS_DIR; };
		0902930921DD075B0054A72E /* AppDelegate.swift */ = {isa = PBXFileReference; lastKnownFileType = sourcecode.swift; path = AppDelegate.swift; sourceTree = "<group>"; };
		0902930B21DD075B0054A72E /* ViewController.swift */ = {isa = PBXFileReference; lastKnownFileType = sourcecode.swift; path = ViewController.swift; sourceTree = "<group>"; };
		0902930E21DD075B0054A72E /* Base */ = {isa = PBXFileReference; lastKnownFileType = file.storyboard; name = Base; path = Base.lproj/Main.storyboard; sourceTree = "<group>"; };
		0902931021DD075D0054A72E /* Assets.xcassets */ = {isa = PBXFileReference; lastKnownFileType = folder.assetcatalog; path = Assets.xcassets; sourceTree = "<group>"; };
		0902931321DD075D0054A72E /* Base */ = {isa = PBXFileReference; lastKnownFileType = file.storyboard; name = Base; path = Base.lproj/LaunchScreen.storyboard; sourceTree = "<group>"; };
		0902931521DD075D0054A72E /* Info.plist */ = {isa = PBXFileReference; lastKnownFileType = text.plist.xml; path = Info.plist; sourceTree = "<group>"; };
		0902931F21DD0A500054A72E /* HTTPAccesser.swift */ = {isa = PBXFileReference; fileEncoding = 4; lastKnownFileType = sourcecode.swift; path = HTTPAccesser.swift; sourceTree = "<group>"; };
		0902932121DD0AE20054A72E /* Area.swift */ = {isa = PBXFileReference; lastKnownFileType = sourcecode.swift; path = Area.swift; sourceTree = "<group>"; };
		0902932321DD12A70054A72E /* AnnotationView.swift */ = {isa = PBXFileReference; fileEncoding = 4; lastKnownFileType = sourcecode.swift; path = AnnotationView.swift; sourceTree = "<group>"; };
		0902932521DD13010054A72E /* Extensions.swift */ = {isa = PBXFileReference; fileEncoding = 4; lastKnownFileType = sourcecode.swift; path = Extensions.swift; sourceTree = "<group>"; };
		0902932721DD3A2E0054A72E /* AreaTipView.swift */ = {isa = PBXFileReference; lastKnownFileType = sourcecode.swift; path = AreaTipView.swift; sourceTree = "<group>"; };
		0902932921DD3C570054A72E /* AreaRealmTool.swift */ = {isa = PBXFileReference; lastKnownFileType = sourcecode.swift; path = AreaRealmTool.swift; sourceTree = "<group>"; };
		0902932B21DD3D2C0054A72E /* AreaDB.swift */ = {isa = PBXFileReference; lastKnownFileType = sourcecode.swift; path = AreaDB.swift; sourceTree = "<group>"; };
		155BF206BDAC526AAF581FE2 /* Pods_SingaporeWeather.framework */ = {isa = PBXFileReference; explicitFileType = wrapper.framework; includeInIndex = 0; path = Pods_SingaporeWeather.framework; sourceTree = BUILT_PRODUCTS_DIR; };
		C06EA20CDDBE918AC6B6D572 /* Pods-SingaporeWeather.debug.xcconfig */ = {isa = PBXFileReference; includeInIndex = 1; lastKnownFileType = text.xcconfig; name = "Pods-SingaporeWeather.debug.xcconfig"; path = "Pods/Target Support Files/Pods-SingaporeWeather/Pods-SingaporeWeather.debug.xcconfig"; sourceTree = "<group>"; };
		E02832F465A2DB1007C4A341 /* Pods-SingaporeWeather.release.xcconfig */ = {isa = PBXFileReference; includeInIndex = 1; lastKnownFileType = text.xcconfig; name = "Pods-SingaporeWeather.release.xcconfig"; path = "Pods/Target Support Files/Pods-SingaporeWeather/Pods-SingaporeWeather.release.xcconfig"; sourceTree = "<group>"; };
/* End PBXFileReference section */

/* Begin PBXFrameworksBuildPhase section */
		0902930321DD075B0054A72E /* Frameworks */ = {
			isa = PBXFrameworksBuildPhase;
			buildActionMask = 2147483647;
			files = (
				680672F46C06A5CDE8B5E840 /* Pods_SingaporeWeather.framework in Frameworks */,
			);
			runOnlyForDeploymentPostprocessing = 0;
		};
/* End PBXFrameworksBuildPhase section */

/* Begin PBXGroup section */
		090292FD21DD075B0054A72E = {
			isa = PBXGroup;
			children = (
				0902930821DD075B0054A72E /* SingaporeWeather */,
				0902930721DD075B0054A72E /* Products */,
				31FA5235C613C6515EBD3F4D /* Pods */,
				C51A386C5D1D60B1E1DDFC5D /* Frameworks */,
			);
			sourceTree = "<group>";
		};
		0902930721DD075B0054A72E /* Products */ = {
			isa = PBXGroup;
			children = (
				0902930621DD075B0054A72E /* SingaporeWeather.app */,
			);
			name = Products;
			sourceTree = "<group>";
		};
		0902930821DD075B0054A72E /* SingaporeWeather */ = {
			isa = PBXGroup;
			children = (
				0902931E21DD07C70054A72E /* Tools */,
				0902931D21DD07B00054A72E /* Views */,
				0902931C21DD079C0054A72E /* Models */,
				0902931B21DD07880054A72E /* ViewControllers */,
				0902930921DD075B0054A72E /* AppDelegate.swift */,
				0902930D21DD075B0054A72E /* Main.storyboard */,
				0902931021DD075D0054A72E /* Assets.xcassets */,
				0902931221DD075D0054A72E /* LaunchScreen.storyboard */,
				0902931521DD075D0054A72E /* Info.plist */,
			);
			path = SingaporeWeather;
			sourceTree = "<group>";
		};
		0902931B21DD07880054A72E /* ViewControllers */ = {
			isa = PBXGroup;
			children = (
				0902930B21DD075B0054A72E /* ViewController.swift */,
			);
			path = ViewControllers;
			sourceTree = "<group>";
		};
		0902931C21DD079C0054A72E /* Models */ = {
			isa = PBXGroup;
			children = (
				0902932121DD0AE20054A72E /* Area.swift */,
				0902932B21DD3D2C0054A72E /* AreaDB.swift */,
			);
			path = Models;
			sourceTree = "<group>";
		};
		0902931D21DD07B00054A72E /* Views */ = {
			isa = PBXGroup;
			children = (
				0902932321DD12A70054A72E /* AnnotationView.swift */,
				0902932721DD3A2E0054A72E /* AreaTipView.swift */,
			);
			path = Views;
			sourceTree = "<group>";
		};
		0902931E21DD07C70054A72E /* Tools */ = {
			isa = PBXGroup;
			children = (
				0902932521DD13010054A72E /* Extensions.swift */,
				0902931F21DD0A500054A72E /* HTTPAccesser.swift */,
				0902932921DD3C570054A72E /* AreaRealmTool.swift */,
			);
			path = Tools;
			sourceTree = "<group>";
		};
		31FA5235C613C6515EBD3F4D /* Pods */ = {
			isa = PBXGroup;
			children = (
				C06EA20CDDBE918AC6B6D572 /* Pods-SingaporeWeather.debug.xcconfig */,
				E02832F465A2DB1007C4A341 /* Pods-SingaporeWeather.release.xcconfig */,
			);
			name = Pods;
			sourceTree = "<group>";
		};
		C51A386C5D1D60B1E1DDFC5D /* Frameworks */ = {
			isa = PBXGroup;
			children = (
				155BF206BDAC526AAF581FE2 /* Pods_SingaporeWeather.framework */,
			);
			name = Frameworks;
			sourceTree = "<group>";
		};
/* End PBXGroup section */

/* Begin PBXNativeTarget section */
		0902930521DD075B0054A72E /* SingaporeWeather */ = {
			isa = PBXNativeTarget;
			buildConfigurationList = 0902931821DD075D0054A72E /* Build configuration list for PBXNativeTarget "SingaporeWeather" */;
			buildPhases = (
				14FD33430DF2128D70334AFD /* [CP] Check Pods Manifest.lock */,
				0902930221DD075B0054A72E /* Sources */,
				0902930321DD075B0054A72E /* Frameworks */,
				0902930421DD075B0054A72E /* Resources */,
				02C37CC853079BE363E9BF76 /* [CP] Embed Pods Frameworks */,
			);
			buildRules = (
			);
			dependencies = (
			);
			name = SingaporeWeather;
			productName = SingaporeWeather;
			productReference = 0902930621DD075B0054A72E /* SingaporeWeather.app */;
			productType = "com.apple.product-type.application";
		};
/* End PBXNativeTarget section */

/* Begin PBXProject section */
		090292FE21DD075B0054A72E /* Project object */ = {
			isa = PBXProject;
			attributes = {
				LastSwiftUpdateCheck = 1010;
				LastUpgradeCheck = 1010;
				ORGANIZATIONNAME = "Leslie Zhang";
				TargetAttributes = {
					0902930521DD075B0054A72E = {
						CreatedOnToolsVersion = 10.1;
					};
				};
			};
			buildConfigurationList = 0902930121DD075B0054A72E /* Build configuration list for PBXProject "SingaporeWeather" */;
			compatibilityVersion = "Xcode 9.3";
			developmentRegion = en;
			hasScannedForEncodings = 0;
			knownRegions = (
				en,
				Base,
			);
			mainGroup = 090292FD21DD075B0054A72E;
			productRefGroup = 0902930721DD075B0054A72E /* Products */;
			projectDirPath = "";
			projectRoot = "";
			targets = (
				0902930521DD075B0054A72E /* SingaporeWeather */,
			);
		};
/* End PBXProject section */

/* Begin PBXResourcesBuildPhase section */
		0902930421DD075B0054A72E /* Resources */ = {
			isa = PBXResourcesBuildPhase;
			buildActionMask = 2147483647;
			files = (
				0902931421DD075D0054A72E /* LaunchScreen.storyboard in Resources */,
				0902931121DD075D0054A72E /* Assets.xcassets in Resources */,
				0902930F21DD075B0054A72E /* Main.storyboard in Resources */,
			);
			runOnlyForDeploymentPostprocessing = 0;
		};
/* End PBXResourcesBuildPhase section */

/* Begin PBXShellScriptBuildPhase section */
		02C37CC853079BE363E9BF76 /* [CP] Embed Pods Frameworks */ = {
			isa = PBXShellScriptBuildPhase;
			buildActionMask = 2147483647;
			files = (
			);
			inputFileListPaths = (
			);
			inputPaths = (
				"${SRCROOT}/Pods/Target Support Files/Pods-SingaporeWeather/Pods-SingaporeWeather-frameworks.sh",
				"${BUILT_PRODUCTS_DIR}/Alamofire/Alamofire.framework",
				"${BUILT_PRODUCTS_DIR}/Cluster/Cluster.framework",
				"${BUILT_PRODUCTS_DIR}/HandyJSON/HandyJSON.framework",
				"${BUILT_PRODUCTS_DIR}/Realm/Realm.framework",
				"${BUILT_PRODUCTS_DIR}/RealmSwift/RealmSwift.framework",
			);
			name = "[CP] Embed Pods Frameworks";
			outputFileListPaths = (
			);
			outputPaths = (
				"${TARGET_BUILD_DIR}/${FRAMEWORKS_FOLDER_PATH}/Alamofire.framework",
				"${TARGET_BUILD_DIR}/${FRAMEWORKS_FOLDER_PATH}/Cluster.framework",
				"${TARGET_BUILD_DIR}/${FRAMEWORKS_FOLDER_PATH}/HandyJSON.framework",
				"${TARGET_BUILD_DIR}/${FRAMEWORKS_FOLDER_PATH}/Realm.framework",
				"${TARGET_BUILD_DIR}/${FRAMEWORKS_FOLDER_PATH}/RealmSwift.framework",
			);
			runOnlyForDeploymentPostprocessing = 0;
			shellPath = /bin/sh;
			shellScript = "\"${SRCROOT}/Pods/Target Support Files/Pods-SingaporeWeather/Pods-SingaporeWeather-frameworks.sh\"\n";
			showEnvVarsInLog = 0;
		};
		14FD33430DF2128D70334AFD /* [CP] Check Pods Manifest.lock */ = {
			isa = PBXShellScriptBuildPhase;
			buildActionMask = 2147483647;
			files = (
			);
			inputFileListPaths = (
			);
			inputPaths = (
				"${PODS_PODFILE_DIR_PATH}/Podfile.lock",
				"${PODS_ROOT}/Manifest.lock",
			);
			name = "[CP] Check Pods Manifest.lock";
			outputFileListPaths = (
			);
			outputPaths = (
				"$(DERIVED_FILE_DIR)/Pods-SingaporeWeather-checkManifestLockResult.txt",
			);
			runOnlyForDeploymentPostprocessing = 0;
			shellPath = /bin/sh;
			shellScript = "diff \"${PODS_PODFILE_DIR_PATH}/Podfile.lock\" \"${PODS_ROOT}/Manifest.lock\" > /dev/null\nif [ $? != 0 ] ; then\n    # print error to STDERR\n    echo \"error: The sandbox is not in sync with the Podfile.lock. Run 'pod install' or update your CocoaPods installation.\" >&2\n    exit 1\nfi\n# This output is used by Xcode 'outputs' to avoid re-running this script phase.\necho \"SUCCESS\" > \"${SCRIPT_OUTPUT_FILE_0}\"\n";
			showEnvVarsInLog = 0;
		};
/* End PBXShellScriptBuildPhase section */

/* Begin PBXSourcesBuildPhase section */
		0902930221DD075B0054A72E /* Sources */ = {
			isa = PBXSourcesBuildPhase;
			buildActionMask = 2147483647;
			files = (
				0902932C21DD3D2C0054A72E /* AreaDB.swift in Sources */,
				0902930C21DD075B0054A72E /* ViewController.swift in Sources */,
				0902932621DD13020054A72E /* Extensions.swift in Sources */,
				0902932821DD3A2E0054A72E /* AreaTipView.swift in Sources */,
				0902930A21DD075B0054A72E /* AppDelegate.swift in Sources */,
				0902932421DD12A70054A72E /* AnnotationView.swift in Sources */,
				0902932221DD0AE20054A72E /* Area.swift in Sources */,
				0902932A21DD3C570054A72E /* AreaRealmTool.swift in Sources */,
				0902932021DD0A500054A72E /* HTTPAccesser.swift in Sources */,
			);
			runOnlyForDeploymentPostprocessing = 0;
		};
/* End PBXSourcesBuildPhase section */

/* Begin PBXVariantGroup section */
		0902930D21DD075B0054A72E /* Main.storyboard */ = {
			isa = PBXVariantGroup;
			children = (
				0902930E21DD075B0054A72E /* Base */,
			);
			name = Main.storyboard;
			sourceTree = "<group>";
		};
		0902931221DD075D0054A72E /* LaunchScreen.storyboard */ = {
			isa = PBXVariantGroup;
			children = (
				0902931321DD075D0054A72E /* Base */,
			);
			name = LaunchScreen.storyboard;
			sourceTree = "<group>";
		};
/* End PBXVariantGroup section */

/* Begin XCBuildConfiguration section */
		0902931621DD075D0054A72E /* Debug */ = {
			isa = XCBuildConfiguration;
			buildSettings = {
				ALWAYS_SEARCH_USER_PATHS = NO;
				CLANG_ANALYZER_NONNULL = YES;
				CLANG_ANALYZER_NUMBER_OBJECT_CONVERSION = YES_AGGRESSIVE;
				CLANG_CXX_LANGUAGE_STANDARD = "gnu++14";
				CLANG_CXX_LIBRARY = "libc++";
				CLANG_ENABLE_MODULES = YES;
				CLANG_ENABLE_OBJC_ARC = YES;
				CLANG_ENABLE_OBJC_WEAK = YES;
				CLANG_WARN_BLOCK_CAPTURE_AUTORELEASING = YES;
				CLANG_WARN_BOOL_CONVERSION = YES;
				CLANG_WARN_COMMA = YES;
				CLANG_WARN_CONSTANT_CONVERSION = YES;
				CLANG_WARN_DEPRECATED_OBJC_IMPLEMENTATIONS = YES;
				CLANG_WARN_DIRECT_OBJC_ISA_USAGE = YES_ERROR;
				CLANG_WARN_DOCUMENTATION_COMMENTS = YES;
				CLANG_WARN_EMPTY_BODY = YES;
				CLANG_WARN_ENUM_CONVERSION = YES;
				CLANG_WARN_INFINITE_RECURSION = YES;
				CLANG_WARN_INT_CONVERSION = YES;
				CLANG_WARN_NON_LITERAL_NULL_CONVERSION = YES;
				CLANG_WARN_OBJC_IMPLICIT_RETAIN_SELF = YES;
				CLANG_WARN_OBJC_LITERAL_CONVERSION = YES;
				CLANG_WARN_OBJC_ROOT_CLASS = YES_ERROR;
				CLANG_WARN_RANGE_LOOP_ANALYSIS = YES;
				CLANG_WARN_STRICT_PROTOTYPES = YES;
				CLANG_WARN_SUSPICIOUS_MOVE = YES;
				CLANG_WARN_UNGUARDED_AVAILABILITY = YES_AGGRESSIVE;
				CLANG_WARN_UNREACHABLE_CODE = YES;
				CLANG_WARN__DUPLICATE_METHOD_MATCH = YES;
				CODE_SIGN_IDENTITY = "iPhone Developer";
				COPY_PHASE_STRIP = NO;
				DEBUG_INFORMATION_FORMAT = dwarf;
				ENABLE_STRICT_OBJC_MSGSEND = YES;
				ENABLE_TESTABILITY = YES;
				GCC_C_LANGUAGE_STANDARD = gnu11;
				GCC_DYNAMIC_NO_PIC = NO;
				GCC_NO_COMMON_BLOCKS = YES;
				GCC_OPTIMIZATION_LEVEL = 0;
				GCC_PREPROCESSOR_DEFINITIONS = (
					"DEBUG=1",
					"$(inherited)",
				);
				GCC_WARN_64_TO_32_BIT_CONVERSION = YES;
				GCC_WARN_ABOUT_RETURN_TYPE = YES_ERROR;
				GCC_WARN_UNDECLARED_SELECTOR = YES;
				GCC_WARN_UNINITIALIZED_AUTOS = YES_AGGRESSIVE;
				GCC_WARN_UNUSED_FUNCTION = YES;
				GCC_WARN_UNUSED_VARIABLE = YES;
				IPHONEOS_DEPLOYMENT_TARGET = 12.1;
				MTL_ENABLE_DEBUG_INFO = INCLUDE_SOURCE;
				MTL_FAST_MATH = YES;
				ONLY_ACTIVE_ARCH = YES;
				SDKROOT = iphoneos;
				SWIFT_ACTIVE_COMPILATION_CONDITIONS = DEBUG;
				SWIFT_OPTIMIZATION_LEVEL = "-Onone";
			};
			name = Debug;
		};
		0902931721DD075D0054A72E /* Release */ = {
			isa = XCBuildConfiguration;
			buildSettings = {
				ALWAYS_SEARCH_USER_PATHS = NO;
				CLANG_ANALYZER_NONNULL = YES;
				CLANG_ANALYZER_NUMBER_OBJECT_CONVERSION = YES_AGGRESSIVE;
				CLANG_CXX_LANGUAGE_STANDARD = "gnu++14";
				CLANG_CXX_LIBRARY = "libc++";
				CLANG_ENABLE_MODULES = YES;
				CLANG_ENABLE_OBJC_ARC = YES;
				CLANG_ENABLE_OBJC_WEAK = YES;
				CLANG_WARN_BLOCK_CAPTURE_AUTORELEASING = YES;
				CLANG_WARN_BOOL_CONVERSION = YES;
				CLANG_WARN_COMMA = YES;
				CLANG_WARN_CONSTANT_CONVERSION = YES;
				CLANG_WARN_DEPRECATED_OBJC_IMPLEMENTATIONS = YES;
				CLANG_WARN_DIRECT_OBJC_ISA_USAGE = YES_ERROR;
				CLANG_WARN_DOCUMENTATION_COMMENTS = YES;
				CLANG_WARN_EMPTY_BODY = YES;
				CLANG_WARN_ENUM_CONVERSION = YES;
				CLANG_WARN_INFINITE_RECURSION = YES;
				CLANG_WARN_INT_CONVERSION = YES;
				CLANG_WARN_NON_LITERAL_NULL_CONVERSION = YES;
				CLANG_WARN_OBJC_IMPLICIT_RETAIN_SELF = YES;
				CLANG_WARN_OBJC_LITERAL_CONVERSION = YES;
				CLANG_WARN_OBJC_ROOT_CLASS = YES_ERROR;
				CLANG_WARN_RANGE_LOOP_ANALYSIS = YES;
				CLANG_WARN_STRICT_PROTOTYPES = YES;
				CLANG_WARN_SUSPICIOUS_MOVE = YES;
				CLANG_WARN_UNGUARDED_AVAILABILITY = YES_AGGRESSIVE;
				CLANG_WARN_UNREACHABLE_CODE = YES;
				CLANG_WARN__DUPLICATE_METHOD_MATCH = YES;
				CODE_SIGN_IDENTITY = "iPhone Developer";
				COPY_PHASE_STRIP = NO;
				DEBUG_INFORMATION_FORMAT = "dwarf-with-dsym";
				ENABLE_NS_ASSERTIONS = NO;
				ENABLE_STRICT_OBJC_MSGSEND = YES;
				GCC_C_LANGUAGE_STANDARD = gnu11;
				GCC_NO_COMMON_BLOCKS = YES;
				GCC_WARN_64_TO_32_BIT_CONVERSION = YES;
				GCC_WARN_ABOUT_RETURN_TYPE = YES_ERROR;
				GCC_WARN_UNDECLARED_SELECTOR = YES;
				GCC_WARN_UNINITIALIZED_AUTOS = YES_AGGRESSIVE;
				GCC_WARN_UNUSED_FUNCTION = YES;
				GCC_WARN_UNUSED_VARIABLE = YES;
				IPHONEOS_DEPLOYMENT_TARGET = 12.1;
				MTL_ENABLE_DEBUG_INFO = NO;
				MTL_FAST_MATH = YES;
				SDKROOT = iphoneos;
				SWIFT_COMPILATION_MODE = wholemodule;
				SWIFT_OPTIMIZATION_LEVEL = "-O";
				VALIDATE_PRODUCT = YES;
			};
			name = Release;
		};
		0902931921DD075D0054A72E /* Debug */ = {
			isa = XCBuildConfiguration;
			baseConfigurationReference = C06EA20CDDBE918AC6B6D572 /* Pods-SingaporeWeather.debug.xcconfig */;
			buildSettings = {
				ASSETCATALOG_COMPILER_APPICON_NAME = AppIcon;
				CODE_SIGN_STYLE = Automatic;
				DEVELOPMENT_TEAM = S95V875GHC;
				INFOPLIST_FILE = SingaporeWeather/Info.plist;
				IPHONEOS_DEPLOYMENT_TARGET = 9.0;
				LD_RUNPATH_SEARCH_PATHS = (
					"$(inherited)",
					"@executable_path/Frameworks",
				);
				PRODUCT_BUNDLE_IDENTIFIER = com..SingaporeWeather;
				PRODUCT_NAME = "$(TARGET_NAME)";
				SWIFT_VERSION = 4.2;
				TARGETED_DEVICE_FAMILY = "1,2";
			};
			name = Debug;
		};
		0902931A21DD075D0054A72E /* Release */ = {
			isa = XCBuildConfiguration;
			baseConfigurationReference = E02832F465A2DB1007C4A341 /* Pods-SingaporeWeather.release.xcconfig */;
			buildSettings = {
				ASSETCATALOG_COMPILER_APPICON_NAME = AppIcon;
				CODE_SIGN_STYLE = Automatic;
				DEVELOPMENT_TEAM = S95V875GHC;
				INFOPLIST_FILE = SingaporeWeather/Info.plist;
				IPHONEOS_DEPLOYMENT_TARGET = 9.0;
				LD_RUNPATH_SEARCH_PATHS = (
					"$(inherited)",
					"@executable_path/Frameworks",
				);
				PRODUCT_BUNDLE_IDENTIFIER = com..SingaporeWeather;
				PRODUCT_NAME = "$(TARGET_NAME)";
				SWIFT_VERSION = 4.2;
				TARGETED_DEVICE_FAMILY = "1,2";
			};
			name = Release;
		};
/* End XCBuildConfiguration section */

/* Begin XCConfigurationList section */
		0902930121DD075B0054A72E /* Build configuration list for PBXProject "SingaporeWeather" */ = {
			isa = XCConfigurationList;
			buildConfigurations = (
				0902931621DD075D0054A72E /* Debug */,
				0902931721DD075D0054A72E /* Release */,
			);
			defaultConfigurationIsVisible = 0;
			defaultConfigurationName = Release;
		};
		0902931821DD075D0054A72E /* Build configuration list for PBXNativeTarget "SingaporeWeather" */ = {
			isa = XCConfigurationList;
			buildConfigurations = (
				0902931921DD075D0054A72E /* Debug */,
				0902931A21DD075D0054A72E /* Release */,
			);
			defaultConfigurationIsVisible = 0;
			defaultConfigurationName = Release;
		};
/* End XCConfigurationList section */
	};
	rootObject = 090292FE21DD075B0054A72E /* Project object */;
}
